
Microsoft Visual Studio Solution File, Format Version 12.00
# Visual Studio Version 17
VisualStudioVersion = 17.14.37411.7 d17.14
MinimumVisualStudioVersion = 10.0.40219.1
Project("{FAE04EC0-301F-11D3-BF4B-00C04F79EFBC}") = "LibRazor", "LibRazor\LibRazor.csproj", "{177F68D5-C5A9-41C0-972D-A830F684BF64}"
EndProject
Global
	GlobalSection(SolutionConfigurationPlatforms) = preSolution
		Debug|Any CPU = Debug|Any CPU
		Release|Any CPU = Release|Any CPU
	EndGlobalSection
	GlobalSection(ProjectConfigurationPlatforms) = postSolution
		{177F68D5-C5A9-41C0-972D-A830F684BF64}.Debug|Any CPU.ActiveCfg = Debug|Any CPU
		{177F68D5-C5A9-41C0-972D-A830F684BF64}.Debug|Any CPU.Build.0 = Debug|Any CPU
		{177F68D5-C5A9-41C0-972D-A830F684BF64}.Release|Any CPU.ActiveCfg = Release|Any CPU
		{177F68D5-C5A9-41C0-972D-A830F684BF64}.Release|Any CPU.Build.0 = Release|Any CPU
	EndGlobalSection
	GlobalSection(SolutionProperties) = preSolution
		HideSolutionNode = FALSE
	EndGlobalSection
	GlobalSection(ExtensibilityGlobals) = postSolution
		SolutionGuid = {96A8138C-C37C-4167-9052-0FF446FB5978}
	EndGlobalSection
EndGlobal
